// !$*UTF8*$!
{
	archiveVersion = 1;
	classes = {
	};
	objectVersion = 46;
	objects = {

/* Begin PBXBuildFile section */
		4810F4601CF1C6DE00550D10 /* SpeedMultipleView.m in Sources */ = {isa = PBXBuildFile; fileRef = 4810F45F1CF1C6DE00550D10 /* SpeedMultipleView.m */; };
		4810F4621CF1C6F600550D10 /* SpeedMultipleView.xib in Resources */ = {isa = PBXBuildFile; fileRef = 4810F4611CF1C6F600550D10 /* SpeedMultipleView.xib */; };
		481467861CE89EE50003C3E0 /* AVKit.framework in Frameworks */ = {isa = PBXBuildFile; fileRef = 481467851CE89EE50003C3E0 /* AVKit.framework */; };
		4848F6411CE73430009C6280 /* main.m in Sources */ = {isa = PBXBuildFile; fileRef = 4848F6401CE73430009C6280 /* main.m */; };
		4848F6441CE73430009C6280 /* AppDelegate.m in Sources */ = {isa = PBXBuildFile; fileRef = 4848F6431CE73430009C6280 /* AppDelegate.m */; };
		4848F6471CE73431009C6280 /* ViewController.m in Sources */ = {isa = PBXBuildFile; fileRef = 4848F6461CE73431009C6280 /* ViewController.m */; };
		4848F64A1CE73431009C6280 /* Main.storyboard in Resources */ = {isa = PBXBuildFile; fileRef = 4848F6481CE73431009C6280 /* Main.storyboard */; };
		4848F64C1CE73431009C6280 /* Assets.xcassets in Resources */ = {isa = PBXBuildFile; fileRef = 4848F64B1CE73431009C6280 /* Assets.xcassets */; };
		4848F64F1CE73431009C6280 /* LaunchScreen.storyboard in Resources */ = {isa = PBXBuildFile; fileRef = 4848F64D1CE73431009C6280 /* LaunchScreen.storyboard */; };
		485E56D91CED68E500159EC3 /* UINavigationController+className.m in Sources */ = {isa = PBXBuildFile; fileRef = 485E56D81CED68E500159EC3 /* UINavigationController+className.m */; };
		485E56E01CED71A100159EC3 /* VideoTrimmerView.m in Sources */ = {isa = PBXBuildFile; fileRef = 485E56DF1CED71A100159EC3 /* VideoTrimmerView.m */; };
		485E56EA1CED9EC700159EC3 /* SAResizibleBubble.m in Sources */ = {isa = PBXBuildFile; fileRef = 485E56E31CED9EC700159EC3 /* SAResizibleBubble.m */; };
		485E56EB1CED9EC700159EC3 /* SASliderLeft.m in Sources */ = {isa = PBXBuildFile; fileRef = 485E56E51CED9EC700159EC3 /* SASliderLeft.m */; };
		485E56EC1CED9EC700159EC3 /* SASliderRight.m in Sources */ = {isa = PBXBuildFile; fileRef = 485E56E71CED9EC700159EC3 /* SASliderRight.m */; };
		485E56ED1CED9EC700159EC3 /* SAVideoRangeSlider.m in Sources */ = {isa = PBXBuildFile; fileRef = 485E56E91CED9EC700159EC3 /* SAVideoRangeSlider.m */; };
		485E56FF1CEE006300159EC3 /* SpeedFreezesOperatingView.m in Sources */ = {isa = PBXBuildFile; fileRef = 485E56FE1CEE006300159EC3 /* SpeedFreezesOperatingView.m */; };
		4881196C1CEC59BA00CA0C7F /* CaptureVideoViewController.m in Sources */ = {isa = PBXBuildFile; fileRef = 488119651CEC59BA00CA0C7F /* CaptureVideoViewController.m */; };
		4881196D1CEC59BA00CA0C7F /* CaptureVideoViewController.xib in Resources */ = {isa = PBXBuildFile; fileRef = 488119661CEC59BA00CA0C7F /* CaptureVideoViewController.xib */; };
		4881196E1CEC59BA00CA0C7F /* CapturePreviewView.m in Sources */ = {isa = PBXBuildFile; fileRef = 488119691CEC59BA00CA0C7F /* CapturePreviewView.m */; };
		4881196F1CEC59BA00CA0C7F /* CaptureVideoButton.m in Sources */ = {isa = PBXBuildFile; fileRef = 4881196B1CEC59BA00CA0C7F /* CaptureVideoButton.m */; };
		488119731CEC5A5100CA0C7F /* VideoEditingController.m in Sources */ = {isa = PBXBuildFile; fileRef = 488119711CEC5A5100CA0C7F /* VideoEditingController.m */; };
		488119741CEC5A5100CA0C7F /* VideoEditingController.xib in Resources */ = {isa = PBXBuildFile; fileRef = 488119721CEC5A5100CA0C7F /* VideoEditingController.xib */; };
		488119771CEC5FCA00CA0C7F /* VideoPlayingView.m in Sources */ = {isa = PBXBuildFile; fileRef = 488119761CEC5FCA00CA0C7F /* VideoPlayingView.m */; };
/* End PBXBuildFile section */

/* Begin PBXFileReference section */
		4810F45E1CF1C6DE00550D10 /* SpeedMultipleView.h */ = {isa = PBXFileReference; fileEncoding = 4; lastKnownFileType = sourcecode.c.h; path = SpeedMultipleView.h; sourceTree = "<group>"; };
		4810F45F1CF1C6DE00550D10 /* SpeedMultipleView.m */ = {isa = PBXFileReference; fileEncoding = 4; lastKnownFileType = sourcecode.c.objc; path = SpeedMultipleView.m; sourceTree = "<group>"; };
		4810F4611CF1C6F600550D10 /* SpeedMultipleView.xib */ = {isa = PBXFileReference; fileEncoding = 4; lastKnownFileType = file.xib; path = SpeedMultipleView.xib; sourceTree = "<group>"; };
		481467851CE89EE50003C3E0 /* AVKit.framework */ = {isa = PBXFileReference; lastKnownFileType = wrapper.framework; name = AVKit.framework; path = System/Library/Frameworks/AVKit.framework; sourceTree = SDKROOT; };
		4848F63C1CE73430009C6280 /* SpeedFreezingVideo.app */ = {isa = PBXFileReference; explicitFileType = wrapper.application; includeInIndex = 0; path = SpeedFreezingVideo.app; sourceTree = BUILT_PRODUCTS_DIR; };
		4848F6401CE73430009C6280 /* main.m */ = {isa = PBXFileReference; lastKnownFileType = sourcecode.c.objc; path = main.m; sourceTree = "<group>"; };
		4848F6421CE73430009C6280 /* AppDelegate.h */ = {isa = PBXFileReference; lastKnownFileType = sourcecode.c.h; path = AppDelegate.h; sourceTree = "<group>"; };
		4848F6431CE73430009C6280 /* AppDelegate.m */ = {isa = PBXFileReference; lastKnownFileType = sourcecode.c.objc; path = AppDelegate.m; sourceTree = "<group>"; };
		4848F6451CE73430009C6280 /* ViewController.h */ = {isa = PBXFileReference; lastKnownFileType = sourcecode.c.h; path = ViewController.h; sourceTree = "<group>"; };
		4848F6461CE73431009C6280 /* ViewController.m */ = {isa = PBXFileReference; lastKnownFileType = sourcecode.c.objc; path = ViewController.m; sourceTree = "<group>"; };
		4848F6491CE73431009C6280 /* Base */ = {isa = PBXFileReference; lastKnownFileType = file.storyboard; name = Base; path = Base.lproj/Main.storyboard; sourceTree = "<group>"; };
		4848F64B1CE73431009C6280 /* Assets.xcassets */ = {isa = PBXFileReference; lastKnownFileType = folder.assetcatalog; path = Assets.xcassets; sourceTree = "<group>"; };
		4848F64E1CE73431009C6280 /* Base */ = {isa = PBXFileReference; lastKnownFileType = file.storyboard; name = Base; path = Base.lproj/LaunchScreen.storyboard; sourceTree = "<group>"; };
		4848F6501CE73431009C6280 /* Info.plist */ = {isa = PBXFileReference; lastKnownFileType = text.plist.xml; path = Info.plist; sourceTree = "<group>"; };
		485E56D71CED68E500159EC3 /* UINavigationController+className.h */ = {isa = PBXFileReference; fileEncoding = 4; lastKnownFileType = sourcecode.c.h; path = "UINavigationController+className.h"; sourceTree = "<group>"; };
		485E56D81CED68E500159EC3 /* UINavigationController+className.m */ = {isa = PBXFileReference; fileEncoding = 4; lastKnownFileType = sourcecode.c.objc; path = "UINavigationController+className.m"; sourceTree = "<group>"; };
		485E56DE1CED71A100159EC3 /* VideoTrimmerView.h */ = {isa = PBXFileReference; fileEncoding = 4; lastKnownFileType = sourcecode.c.h; path = VideoTrimmerView.h; sourceTree = "<group>"; };
		485E56DF1CED71A100159EC3 /* VideoTrimmerView.m */ = {isa = PBXFileReference; fileEncoding = 4; lastKnownFileType = sourcecode.c.objc; path = VideoTrimmerView.m; sourceTree = "<group>"; };
		485E56E21CED9EC700159EC3 /* SAResizibleBubble.h */ = {isa = PBXFileReference; fileEncoding = 4; lastKnownFileType = sourcecode.c.h; path = SAResizibleBubble.h; sourceTree = "<group>"; };
		485E56E31CED9EC700159EC3 /* SAResizibleBubble.m */ = {isa = PBXFileReference; fileEncoding = 4; lastKnownFileType = sourcecode.c.objc; path = SAResizibleBubble.m; sourceTree = "<group>"; };
		485E56E41CED9EC700159EC3 /* SASliderLeft.h */ = {isa = PBXFileReference; fileEncoding = 4; lastKnownFileType = sourcecode.c.h; path = SASliderLeft.h; sourceTree = "<group>"; };
		485E56E51CED9EC700159EC3 /* SASliderLeft.m */ = {isa = PBXFileReference; fileEncoding = 4; lastKnownFileType = sourcecode.c.objc; path = SASliderLeft.m; sourceTree = "<group>"; };
		485E56E61CED9EC700159EC3 /* SASliderRight.h */ = {isa = PBXFileReference; fileEncoding = 4; lastKnownFileType = sourcecode.c.h; path = SASliderRight.h; sourceTree = "<group>"; };
		485E56E71CED9EC700159EC3 /* SASliderRight.m */ = {isa = PBXFileReference; fileEncoding = 4; lastKnownFileType = sourcecode.c.objc; path = SASliderRight.m; sourceTree = "<group>"; };
		485E56E81CED9EC700159EC3 /* SAVideoRangeSlider.h */ = {isa = PBXFileReference; fileEncoding = 4; lastKnownFileType = sourcecode.c.h; path = SAVideoRangeSlider.h; sourceTree = "<group>"; };
		485E56E91CED9EC700159EC3 /* SAVideoRangeSlider.m */ = {isa = PBXFileReference; fileEncoding = 4; lastKnownFileType = sourcecode.c.objc; path = SAVideoRangeSlider.m; sourceTree = "<group>"; };
		485E56FD1CEE006300159EC3 /* SpeedFreezesOperatingView.h */ = {isa = PBXFileReference; fileEncoding = 4; lastKnownFileType = sourcecode.c.h; path = SpeedFreezesOperatingView.h; sourceTree = "<group>"; };
		485E56FE1CEE006300159EC3 /* SpeedFreezesOperatingView.m */ = {isa = PBXFileReference; fileEncoding = 4; lastKnownFileType = sourcecode.c.objc; path = SpeedFreezesOperatingView.m; sourceTree = "<group>"; };
		488119641CEC59BA00CA0C7F /* CaptureVideoViewController.h */ = {isa = PBXFileReference; fileEncoding = 4; lastKnownFileType = sourcecode.c.h; path = CaptureVideoViewController.h; sourceTree = "<group>"; };
		488119651CEC59BA00CA0C7F /* CaptureVideoViewController.m */ = {isa = PBXFileReference; fileEncoding = 4; lastKnownFileType = sourcecode.c.objc; path = CaptureVideoViewController.m; sourceTree = "<group>"; };
		488119661CEC59BA00CA0C7F /* CaptureVideoViewController.xib */ = {isa = PBXFileReference; fileEncoding = 4; lastKnownFileType = file.xib; path = CaptureVideoViewController.xib; sourceTree = "<group>"; };
		488119681CEC59BA00CA0C7F /* CapturePreviewView.h */ = {isa = PBXFileReference; fileEncoding = 4; lastKnownFileType = sourcecode.c.h; path = CapturePreviewView.h; sourceTree = "<group>"; };
		488119691CEC59BA00CA0C7F /* CapturePreviewView.m */ = {isa = PBXFileReference; fileEncoding = 4; lastKnownFileType = sourcecode.c.objc; path = CapturePreviewView.m; sourceTree = "<group>"; };
		4881196A1CEC59BA00CA0C7F /* CaptureVideoButton.h */ = {isa = PBXFileReference; fileEncoding = 4; lastKnownFileType = sourcecode.c.h; path = CaptureVideoButton.h; sourceTree = "<group>"; };
		4881196B1CEC59BA00CA0C7F /* CaptureVideoButton.m */ = {isa = PBXFileReference; fileEncoding = 4; lastKnownFileType = sourcecode.c.objc; path = CaptureVideoButton.m; sourceTree = "<group>"; };
		488119701CEC5A5100CA0C7F /* VideoEditingController.h */ = {isa = PBXFileReference; fileEncoding = 4; lastKnownFileType = sourcecode.c.h; path = VideoEditingController.h; sourceTree = "<group>"; };
		488119711CEC5A5100CA0C7F /* VideoEditingController.m */ = {isa = PBXFileReference; fileEncoding = 4; lastKnownFileType = sourcecode.c.objc; path = VideoEditingController.m; sourceTree = "<group>"; };
		488119721CEC5A5100CA0C7F /* VideoEditingController.xib */ = {isa = PBXFileReference; fileEncoding = 4; lastKnownFileType = file.xib; path = VideoEditingController.xib; sourceTree = "<group>"; };
		488119751CEC5FCA00CA0C7F /* VideoPlayingView.h */ = {isa = PBXFileReference; fileEncoding = 4; lastKnownFileType = sourcecode.c.h; path = VideoPlayingView.h; sourceTree = "<group>"; };
		488119761CEC5FCA00CA0C7F /* VideoPlayingView.m */ = {isa = PBXFileReference; fileEncoding = 4; lastKnownFileType = sourcecode.c.objc; path = VideoPlayingView.m; sourceTree = "<group>"; };
/* End PBXFileReference section */

/* Begin PBXFrameworksBuildPhase section */
		4848F6391CE73430009C6280 /* Frameworks */ = {
			isa = PBXFrameworksBuildPhase;
			buildActionMask = 2147483647;
			files = (
				481467861CE89EE50003C3E0 /* AVKit.framework in Frameworks */,
			);
			runOnlyForDeploymentPostprocessing = 0;
		};
/* End PBXFrameworksBuildPhase section */

/* Begin PBXGroup section */
		4848F6331CE73430009C6280 = {
			isa = PBXGroup;
			children = (
				481467851CE89EE50003C3E0 /* AVKit.framework */,
				4848F63E1CE73430009C6280 /* SpeedFreezingVideo */,
				4848F63D1CE73430009C6280 /* Products */,
			);
			sourceTree = "<group>";
		};
		4848F63D1CE73430009C6280 /* Products */ = {
			isa = PBXGroup;
			children = (
				4848F63C1CE73430009C6280 /* SpeedFreezingVideo.app */,
			);
			name = Products;
			sourceTree = "<group>";
		};
		4848F63E1CE73430009C6280 /* SpeedFreezingVideo */ = {
			isa = PBXGroup;
			children = (
				488119621CEC59BA00CA0C7F /* Classes */,
				4848F6421CE73430009C6280 /* AppDelegate.h */,
				4848F6431CE73430009C6280 /* AppDelegate.m */,
				4848F6451CE73430009C6280 /* ViewController.h */,
				4848F6461CE73431009C6280 /* ViewController.m */,
				4848F6481CE73431009C6280 /* Main.storyboard */,
				4848F64B1CE73431009C6280 /* Assets.xcassets */,
				4848F64D1CE73431009C6280 /* LaunchScreen.storyboard */,
				4848F6501CE73431009C6280 /* Info.plist */,
				4848F63F1CE73430009C6280 /* Supporting Files */,
			);
			path = SpeedFreezingVideo;
			sourceTree = "<group>";
		};
		4848F63F1CE73430009C6280 /* Supporting Files */ = {
			isa = PBXGroup;
			children = (
				4848F6401CE73430009C6280 /* main.m */,
			);
			name = "Supporting Files";
			sourceTree = "<group>";
		};
		485E56DD1CED711A00159EC3 /* Editing */ = {
			isa = PBXGroup;
			children = (
				485E56E11CED9EC700159EC3 /* SAVideoRangeSlider */,
				485E56DE1CED71A100159EC3 /* VideoTrimmerView.h */,
				485E56DF1CED71A100159EC3 /* VideoTrimmerView.m */,
				485E56FD1CEE006300159EC3 /* SpeedFreezesOperatingView.h */,
				485E56FE1CEE006300159EC3 /* SpeedFreezesOperatingView.m */,
			);
			path = Editing;
			sourceTree = "<group>";
		};
		485E56E11CED9EC700159EC3 /* SAVideoRangeSlider */ = {
			isa = PBXGroup;
			children = (
				485E56E21CED9EC700159EC3 /* SAResizibleBubble.h */,
				485E56E31CED9EC700159EC3 /* SAResizibleBubble.m */,
				485E56E41CED9EC700159EC3 /* SASliderLeft.h */,
				485E56E51CED9EC700159EC3 /* SASliderLeft.m */,
				485E56E61CED9EC700159EC3 /* SASliderRight.h */,
				485E56E71CED9EC700159EC3 /* SASliderRight.m */,
				485E56E81CED9EC700159EC3 /* SAVideoRangeSlider.h */,
				485E56E91CED9EC700159EC3 /* SAVideoRangeSlider.m */,
				4810F45E1CF1C6DE00550D10 /* SpeedMultipleView.h */,
				4810F45F1CF1C6DE00550D10 /* SpeedMultipleView.m */,
				4810F4611CF1C6F600550D10 /* SpeedMultipleView.xib */,
			);
			path = SAVideoRangeSlider;
			sourceTree = "<group>";
		};
		488119621CEC59BA00CA0C7F /* Classes */ = {
			isa = PBXGroup;
			children = (
				488119631CEC59BA00CA0C7F /* Controller */,
				488119671CEC59BA00CA0C7F /* View */,
				485E56D71CED68E500159EC3 /* UINavigationController+className.h */,
				485E56D81CED68E500159EC3 /* UINavigationController+className.m */,
			);
			path = Classes;
			sourceTree = "<group>";
		};
		488119631CEC59BA00CA0C7F /* Controller */ = {
			isa = PBXGroup;
			children = (
				488119641CEC59BA00CA0C7F /* CaptureVideoViewController.h */,
				488119651CEC59BA00CA0C7F /* CaptureVideoViewController.m */,
				488119661CEC59BA00CA0C7F /* CaptureVideoViewController.xib */,
				488119701CEC5A5100CA0C7F /* VideoEditingController.h */,
				488119711CEC5A5100CA0C7F /* VideoEditingController.m */,
				488119721CEC5A5100CA0C7F /* VideoEditingController.xib */,
			);
			path = Controller;
			sourceTree = "<group>";
		};
		488119671CEC59BA00CA0C7F /* View */ = {
			isa = PBXGroup;
			children = (
				485E56DD1CED711A00159EC3 /* Editing */,
				488119681CEC59BA00CA0C7F /* CapturePreviewView.h */,
				488119691CEC59BA00CA0C7F /* CapturePreviewView.m */,
				4881196A1CEC59BA00CA0C7F /* CaptureVideoButton.h */,
				4881196B1CEC59BA00CA0C7F /* CaptureVideoButton.m */,
				488119751CEC5FCA00CA0C7F /* VideoPlayingView.h */,
				488119761CEC5FCA00CA0C7F /* VideoPlayingView.m */,
			);
			path = View;
			sourceTree = "<group>";
		};
/* End PBXGroup section */

/* Begin PBXNativeTarget section */
		4848F63B1CE73430009C6280 /* SpeedFreezingVideo */ = {
			isa = PBXNativeTarget;
			buildConfigurationList = 4848F6531CE73431009C6280 /* Build configuration list for PBXNativeTarget "SpeedFreezingVideo" */;
			buildPhases = (
				4848F6381CE73430009C6280 /* Sources */,
				4848F6391CE73430009C6280 /* Frameworks */,
				4848F63A1CE73430009C6280 /* Resources */,
			);
			buildRules = (
			);
			dependencies = (
			);
			name = SpeedFreezingVideo;
			productName = SpeedFreezingVideo;
			productReference = 4848F63C1CE73430009C6280 /* SpeedFreezingVideo.app */;
			productType = "com.apple.product-type.application";
		};
/* End PBXNativeTarget section */

/* Begin PBXProject section */
		4848F6341CE73430009C6280 /* Project object */ = {
			isa = PBXProject;
			attributes = {
				LastUpgradeCheck = 0730;
				ORGANIZATIONNAME = lzy;
				TargetAttributes = {
					4848F63B1CE73430009C6280 = {
						CreatedOnToolsVersion = 7.3.1;
						DevelopmentTeam = H3UP79P5WR;
					};
				};
			};
			buildConfigurationList = 4848F6371CE73430009C6280 /* Build configuration list for PBXProject "SpeedFreezingVideo" */;
			compatibilityVersion = "Xcode 3.2";
			developmentRegion = English;
			hasScannedForEncodings = 0;
			knownRegions = (
				en,
				Base,
			);
			mainGroup = 4848F6331CE73430009C6280;
			productRefGroup = 4848F63D1CE73430009C6280 /* Products */;
			projectDirPath = "";
			projectRoot = "";
			targets = (
				4848F63B1CE73430009C6280 /* SpeedFreezingVideo */,
			);
		};
/* End PBXProject section */

/* Begin PBXResourcesBuildPhase section */
		4848F63A1CE73430009C6280 /* Resources */ = {
			isa = PBXResourcesBuildPhase;
			buildActionMask = 2147483647;
			files = (
				4810F4621CF1C6F600550D10 /* SpeedMultipleView.xib in Resources */,
				488119741CEC5A5100CA0C7F /* VideoEditingController.xib in Resources */,
				4848F64F1CE73431009C6280 /* LaunchScreen.storyboard in Resources */,
				4881196D1CEC59BA00CA0C7F /* CaptureVideoViewController.xib in Resources */,
				4848F64C1CE73431009C6280 /* Assets.xcassets in Resources */,
				4848F64A1CE73431009C6280 /* Main.storyboard in Resources */,
			);
			runOnlyForDeploymentPostprocessing = 0;
		};
/* End PBXResourcesBuildPhase section */

/* Begin PBXSourcesBuildPhase section */
		4848F6381CE73430009C6280 /* Sources */ = {
			isa = PBXSourcesBuildPhase;
			buildActionMask = 2147483647;
			files = (
				485E56D91CED68E500159EC3 /* UINavigationController+className.m in Sources */,
				4881196F1CEC59BA00CA0C7F /* CaptureVideoButton.m in Sources */,
				4848F6471CE73431009C6280 /* ViewController.m in Sources */,
				4881196C1CEC59BA00CA0C7F /* CaptureVideoViewController.m in Sources */,
				488119771CEC5FCA00CA0C7F /* VideoPlayingView.m in Sources */,
				4848F6441CE73430009C6280 /* AppDelegate.m in Sources */,
				4810F4601CF1C6DE00550D10 /* SpeedMultipleView.m in Sources */,
				485E56EA1CED9EC700159EC3 /* SAResizibleBubble.m in Sources */,
				485E56FF1CEE006300159EC3 /* SpeedFreezesOperatingView.m in Sources */,
				488119731CEC5A5100CA0C7F /* VideoEditingController.m in Sources */,
				485E56ED1CED9EC700159EC3 /* SAVideoRangeSlider.m in Sources */,
				4848F6411CE73430009C6280 /* main.m in Sources */,
				4881196E1CEC59BA00CA0C7F /* CapturePreviewView.m in Sources */,
				485E56EC1CED9EC700159EC3 /* SASliderRight.m in Sources */,
				485E56E01CED71A100159EC3 /* VideoTrimmerView.m in Sources */,
				485E56EB1CED9EC700159EC3 /* SASliderLeft.m in Sources */,
			);
			runOnlyForDeploymentPostprocessing = 0;
		};
/* End PBXSourcesBuildPhase section */

/* Begin PBXVariantGroup section */
		4848F6481CE73431009C6280 /* Main.storyboard */ = {
			isa = PBXVariantGroup;
			children = (
				4848F6491CE73431009C6280 /* Base */,
			);
			name = Main.storyboard;
			sourceTree = "<group>";
		};
		4848F64D1CE73431009C6280 /* LaunchScreen.storyboard */ = {
			isa = PBXVariantGroup;
			children = (
				4848F64E1CE73431009C6280 /* Base */,
			);
			name = LaunchScreen.storyboard;
			sourceTree = "<group>";
		};
/* End PBXVariantGroup section */

/* Begin XCBuildConfiguration section */
		4848F6511CE73431009C6280 /* Debug */ = {
			isa = XCBuildConfiguration;
			buildSettings = {
				ALWAYS_SEARCH_USER_PATHS = NO;
				CLANG_ANALYZER_NONNULL = YES;
				CLANG_CXX_LANGUAGE_STANDARD = "gnu++0x";
				CLANG_CXX_LIBRARY = "libc++";
				CLANG_ENABLE_MODULES = YES;
				CLANG_ENABLE_OBJC_ARC = YES;
				CLANG_WARN_BOOL_CONVERSION = YES;
				CLANG_WARN_CONSTANT_CONVERSION = YES;
				CLANG_WARN_DIRECT_OBJC_ISA_USAGE = YES_ERROR;
				CLANG_WARN_EMPTY_BODY = YES;
				CLANG_WARN_ENUM_CONVERSION = YES;
				CLANG_WARN_INT_CONVERSION = YES;
				CLANG_WARN_OBJC_ROOT_CLASS = YES_ERROR;
				CLANG_WARN_UNREACHABLE_CODE = YES;
				CLANG_WARN__DUPLICATE_METHOD_MATCH = YES;
				"CODE_SIGN_IDENTITY[sdk=iphoneos*]" = "iPhone Developer";
				COPY_PHASE_STRIP = NO;
				DEBUG_INFORMATION_FORMAT = dwarf;
				ENABLE_STRICT_OBJC_MSGSEND = YES;
				ENABLE_TESTABILITY = YES;
				GCC_C_LANGUAGE_STANDARD = gnu99;
				GCC_DYNAMIC_NO_PIC = NO;
				GCC_NO_COMMON_BLOCKS = YES;
				GCC_OPTIMIZATION_LEVEL = 0;
				GCC_PREPROCESSOR_DEFINITIONS = (
					"DEBUG=1",
					"$(inherited)",
				);
				GCC_WARN_64_TO_32_BIT_CONVERSION = YES;
				GCC_WARN_ABOUT_RETURN_TYPE = YES_ERROR;
				GCC_WARN_UNDECLARED_SELECTOR = YES;
				GCC_WARN_UNINITIALIZED_AUTOS = YES_AGGRESSIVE;
				GCC_WARN_UNUSED_FUNCTION = YES;
				GCC_WARN_UNUSED_VARIABLE = YES;
				IPHONEOS_DEPLOYMENT_TARGET = 9.3;
				MTL_ENABLE_DEBUG_INFO = YES;
				ONLY_ACTIVE_ARCH = YES;
				PROVISIONING_PROFILE = "a6c948ed-7c57-4911-988b-1644d201ea33";
				SDKROOT = iphoneos;
			};
			name = Debug;
		};
		4848F6521CE73431009C6280 /* Release */ = {
			isa = XCBuildConfiguration;
			buildSettings = {
				ALWAYS_SEARCH_USER_PATHS = NO;
				CLANG_ANALYZER_NONNULL = YES;
				CLANG_CXX_LANGUAGE_STANDARD = "gnu++0x";
				CLANG_CXX_LIBRARY = "libc++";
				CLANG_ENABLE_MODULES = YES;
				CLANG_ENABLE_OBJC_ARC = YES;
				CLANG_WARN_BOOL_CONVERSION = YES;
				CLANG_WARN_CONSTANT_CONVERSION = YES;
				CLANG_WARN_DIRECT_OBJC_ISA_USAGE = YES_ERROR;
				CLANG_WARN_EMPTY_BODY = YES;
				CLANG_WARN_ENUM_CONVERSION = YES;
				CLANG_WARN_INT_CONVERSION = YES;
				CLANG_WARN_OBJC_ROOT_CLASS = YES_ERROR;
				CLANG_WARN_UNREACHABLE_CODE = YES;
				CLANG_WARN__DUPLICATE_METHOD_MATCH = YES;
				"CODE_SIGN_IDENTITY[sdk=iphoneos*]" = "iPhone Developer";
				COPY_PHASE_STRIP = NO;
				DEBUG_INFORMATION_FORMAT = "dwarf-with-dsym";
				ENABLE_NS_ASSERTIONS = NO;
				ENABLE_STRICT_OBJC_MSGSEND = YES;
				GCC_C_LANGUAGE_STANDARD = gnu99;
				GCC_NO_COMMON_BLOCKS = YES;
				GCC_WARN_64_TO_32_BIT_CONVERSION = YES;
				GCC_WARN_ABOUT_RETURN_TYPE = YES_ERROR;
				GCC_WARN_UNDECLARED_SELECTOR = YES;
				GCC_WARN_UNINITIALIZED_AUTOS = YES_AGGRESSIVE;
				GCC_WARN_UNUSED_FUNCTION = YES;
				GCC_WARN_UNUSED_VARIABLE = YES;
				IPHONEOS_DEPLOYMENT_TARGET = 9.3;
				MTL_ENABLE_DEBUG_INFO = NO;
				PROVISIONING_PROFILE = "a6c948ed-7c57-4911-988b-1644d201ea33";
				SDKROOT = iphoneos;
				VALIDATE_PRODUCT = YES;
			};
			name = Release;
		};
		4848F6541CE73431009C6280 /* Debug */ = {
			isa = XCBuildConfiguration;
			buildSettings = {
				ASSETCATALOG_COMPILER_APPICON_NAME = AppIcon;
				INFOPLIST_FILE = SpeedFreezingVideo/Info.plist;
				IPHONEOS_DEPLOYMENT_TARGET = 7.1;
				LD_RUNPATH_SEARCH_PATHS = "$(inherited) @executable_path/Frameworks";
				PRODUCT_BUNDLE_IDENTIFIER = com.qiuhaodong.sport;
				PRODUCT_NAME = "$(TARGET_NAME)";
				PROVISIONING_PROFILE = "a6c948ed-7c57-4911-988b-1644d201ea33";
			};
			name = Debug;
		};
		4848F6551CE73431009C6280 /* Release */ = {
			isa = XCBuildConfiguration;
			buildSettings = {
				ASSETCATALOG_COMPILER_APPICON_NAME = AppIcon;
				INFOPLIST_FILE = SpeedFreezingVideo/Info.plist;
				IPHONEOS_DEPLOYMENT_TARGET = 7.1;
				LD_RUNPATH_SEARCH_PATHS = "$(inherited) @executable_path/Frameworks";
				PRODUCT_BUNDLE_IDENTIFIER = com.qiuhaodong.sport;
				PRODUCT_NAME = "$(TARGET_NAME)";
				PROVISIONING_PROFILE = "a6c948ed-7c57-4911-988b-1644d201ea33";
			};
			name = Release;
		};
/* End XCBuildConfiguration section */

/* Begin XCConfigurationList section */
		4848F6371CE73430009C6280 /* Build configuration list for PBXProject "SpeedFreezingVideo" */ = {
			isa = XCConfigurationList;
			buildConfigurations = (
				4848F6511CE73431009C6280 /* Debug */,
				4848F6521CE73431009C6280 /* Release */,
			);
			defaultConfigurationIsVisible = 0;
			defaultConfigurationName = Release;
		};
		4848F6531CE73431009C6280 /* Build configuration list for PBXNativeTarget "SpeedFreezingVideo" */ = {
			isa = XCConfigurationList;
			buildConfigurations = (
				4848F6541CE73431009C6280 /* Debug */,
				4848F6551CE73431009C6280 /* Release */,
			);
			defaultConfigurationIsVisible = 0;
			defaultConfigurationName = Release;
		};
/* End XCConfigurationList section */
	};
	rootObject = 4848F6341CE73430009C6280 /* Project object */;
}
